
Microsoft Visual Studio Solution File, Format Version 12.00
# Visual Studio Version 17
VisualStudioVersion = 17.0.31903.59
MinimumVisualStudioVersion = 10.0.40219.1
Project("{2150E333-8FDC-42A3-9474-1A3956D46DE8}") = "FrontEnd", "FrontEnd", "{28022A7D-87A8-4C7B-BFA5-DEB10CBFE6C9}"
EndProject
Project("{2150E333-8FDC-42A3-9474-1A3956D46DE8}") = "Services", "Services", "{48010651-3160-4269-8701-F2646D568C8C}"
EndProject
Project("{FAE04EC0-301F-11D3-BF4B-00C04F79EFBC}") = "GeekShopping.Web", "GeekShopping.Web\GeekShopping.Web.csproj", "{9FD2E889-1C4E-4A4E-A83E-84018EF0447E}"
EndProject
Project("{FAE04EC0-301F-11D3-BF4B-00C04F79EFBC}") = "GeekShopping.ProductAPI", "GeekShopping.ProductAPI\GeekShopping.ProductAPI.csproj", "{91B6786B-56F6-49FD-928C-3365710EB255}"
EndProject
Project("{FAE04EC0-301F-11D3-BF4B-00C04F79EFBC}") = "GeekShopping.IdentityServer", "GeekShopping.IdentityServer\GeekShopping.IdentityServer.csproj", "{3205CD44-509D-4327-977D-34F826EFF476}"
EndProject
Project("{FAE04EC0-301F-11D3-BF4B-00C04F79EFBC}") = "GeekShopping.CartAPI", "GeekShopping.CartAPI\GeekShopping.CartAPI.csproj", "{77EC9B7B-A756-40D8-84D9-974DAB591833}"
EndProject
Project("{FAE04EC0-301F-11D3-BF4B-00C04F79EFBC}") = "GeekShopping.CouponAPI", "GeekShopping.CouponAPI\GeekShopping.CouponAPI.csproj", "{F15A00F7-F2A9-4F96-A417-102D689F799B}"
EndProject
Project("{2150E333-8FDC-42A3-9474-1A3956D46DE8}") = "Integration", "Integration", "{8156EF26-B39E-4349-AAE2-82F90E73EAF3}"
EndProject
Project("{FAE04EC0-301F-11D3-BF4B-00C04F79EFBC}") = "GeekShopping.MessageBus", "GeekShopping.MessageBus\GeekShopping.MessageBus.csproj", "{D3AFABB4-8A75-4B7E-BD66-D7E9552AD4BE}"
EndProject
Project("{FAE04EC0-301F-11D3-BF4B-00C04F79EFBC}") = "GeekShopping.OrderAPI", "GeekShopping.OrderAPI\GeekShopping.OrderAPI.csproj", "{03DAE7F5-6931-46D1-84F5-2C8773EAEDFC}"
EndProject
Global
	GlobalSection(SolutionConfigurationPlatforms) = preSolution
		Debug|Any CPU = Debug|Any CPU
		Release|Any CPU = Release|Any CPU
	EndGlobalSection
	GlobalSection(SolutionProperties) = preSolution
		HideSolutionNode = FALSE
	EndGlobalSection
	GlobalSection(ProjectConfigurationPlatforms) = postSolution
		{9FD2E889-1C4E-4A4E-A83E-84018EF0447E}.Debug|Any CPU.ActiveCfg = Debug|Any CPU
		{9FD2E889-1C4E-4A4E-A83E-84018EF0447E}.Debug|Any CPU.Build.0 = Debug|Any CPU
		{9FD2E889-1C4E-4A4E-A83E-84018EF0447E}.Release|Any CPU.ActiveCfg = Release|Any CPU
		{9FD2E889-1C4E-4A4E-A83E-84018EF0447E}.Release|Any CPU.Build.0 = Release|Any CPU
		{91B6786B-56F6-49FD-928C-3365710EB255}.Debug|Any CPU.ActiveCfg = Debug|Any CPU
		{91B6786B-56F6-49FD-928C-3365710EB255}.Debug|Any CPU.Build.0 = Debug|Any CPU
		{91B6786B-56F6-49FD-928C-3365710EB255}.Release|Any CPU.ActiveCfg = Release|Any CPU
		{91B6786B-56F6-49FD-928C-3365710EB255}.Release|Any CPU.Build.0 = Release|Any CPU
		{3205CD44-509D-4327-977D-34F826EFF476}.Debug|Any CPU.ActiveCfg = Debug|Any CPU
		{3205CD44-509D-4327-977D-34F826EFF476}.Debug|Any CPU.Build.0 = Debug|Any CPU
		{3205CD44-509D-4327-977D-34F826EFF476}.Release|Any CPU.ActiveCfg = Release|Any CPU
		{3205CD44-509D-4327-977D-34F826EFF476}.Release|Any CPU.Build.0 = Release|Any CPU
		{77EC9B7B-A756-40D8-84D9-974DAB591833}.Debug|Any CPU.ActiveCfg = Debug|Any CPU
		{77EC9B7B-A756-40D8-84D9-974DAB591833}.Debug|Any CPU.Build.0 = Debug|Any CPU
		{77EC9B7B-A756-40D8-84D9-974DAB591833}.Release|Any CPU.ActiveCfg = Release|Any CPU
		{77EC9B7B-A756-40D8-84D9-974DAB591833}.Release|Any CPU.Build.0 = Release|Any CPU
		{F15A00F7-F2A9-4F96-A417-102D689F799B}.Debug|Any CPU.ActiveCfg = Debug|Any CPU
		{F15A00F7-F2A9-4F96-A417-102D689F799B}.Debug|Any CPU.Build.0 = Debug|Any CPU
		{F15A00F7-F2A9-4F96-A417-102D689F799B}.Release|Any CPU.ActiveCfg = Release|Any CPU
		{F15A00F7-F2A9-4F96-A417-102D689F799B}.Release|Any CPU.Build.0 = Release|Any CPU
		{D3AFABB4-8A75-4B7E-BD66-D7E9552AD4BE}.Debug|Any CPU.ActiveCfg = Debug|Any CPU
		{D3AFABB4-8A75-4B7E-BD66-D7E9552AD4BE}.Debug|Any CPU.Build.0 = Debug|Any CPU
		{D3AFABB4-8A75-4B7E-BD66-D7E9552AD4BE}.Release|Any CPU.ActiveCfg = Release|Any CPU
		{D3AFABB4-8A75-4B7E-BD66-D7E9552AD4BE}.Release|Any CPU.Build.0 = Release|Any CPU
		{03DAE7F5-6931-46D1-84F5-2C8773EAEDFC}.Debug|Any CPU.ActiveCfg = Debug|Any CPU
		{03DAE7F5-6931-46D1-84F5-2C8773EAEDFC}.Debug|Any CPU.Build.0 = Debug|Any CPU
		{03DAE7F5-6931-46D1-84F5-2C8773EAEDFC}.Release|Any CPU.ActiveCfg = Release|Any CPU
		{03DAE7F5-6931-46D1-84F5-2C8773EAEDFC}.Release|Any CPU.Build.0 = Release|Any CPU
	EndGlobalSection
	GlobalSection(NestedProjects) = preSolution
		{9FD2E889-1C4E-4A4E-A83E-84018EF0447E} = {28022A7D-87A8-4C7B-BFA5-DEB10CBFE6C9}
		{91B6786B-56F6-49FD-928C-3365710EB255} = {48010651-3160-4269-8701-F2646D568C8C}
		{3205CD44-509D-4327-977D-34F826EFF476} = {48010651-3160-4269-8701-F2646D568C8C}
		{77EC9B7B-A756-40D8-84D9-974DAB591833} = {48010651-3160-4269-8701-F2646D568C8C}
		{F15A00F7-F2A9-4F96-A417-102D689F799B} = {48010651-3160-4269-8701-F2646D568C8C}
		{D3AFABB4-8A75-4B7E-BD66-D7E9552AD4BE} = {8156EF26-B39E-4349-AAE2-82F90E73EAF3}
		{03DAE7F5-6931-46D1-84F5-2C8773EAEDFC} = {48010651-3160-4269-8701-F2646D568C8C}
	EndGlobalSection
EndGlobal
